
Microsoft Visual Studio Solution File, Format Version 12.00
# Visual Studio Version 17
VisualStudioVersion = 17.4.33122.133
MinimumVisualStudioVersion = 10.0.40219.1
Project("{FAE04EC0-301F-11D3-BF4B-00C04F79EFBC}") = "MJ-JewelleryMVC", "MJ-JewelleryMVC.csproj", "{E53D02B9-2878-44DC-8814-4A0A36422115}"
EndProject
Global
	GlobalSection(SolutionConfigurationPlatforms) = preSolution
		Debug|Any CPU = Debug|Any CPU
		Release|Any CPU = Release|Any CPU
	EndGlobalSection
	GlobalSection(ProjectConfigurationPlatforms) = postSolution
		{E53D02B9-2878-44DC-8814-4A0A36422115}.Debug|Any CPU.ActiveCfg = Debug|Any CPU
		{E53D02B9-2878-44DC-8814-4A0A36422115}.Debug|Any CPU.Build.0 = Debug|Any CPU
		{E53D02B9-2878-44DC-8814-4A0A36422115}.Release|Any CPU.ActiveCfg = Release|Any CPU
		{E53D02B9-2878-44DC-8814-4A0A36422115}.Release|Any CPU.Build.0 = Release|Any CPU
	EndGlobalSection
	GlobalSection(SolutionProperties) = preSolution
		HideSolutionNode = FALSE
	EndGlobalSection
	GlobalSection(ExtensibilityGlobals) = postSolution
		SolutionGuid = {F7FB7036-0AF3-4E14-9068-3FADBEDFB44F}
	EndGlobalSection
EndGlobal
